// !$*UTF8*$!
{
	archiveVersion = 1;
	classes = {
	};
	objectVersion = 55;
	objects = {

/* Begin PBXBuildFile section */
		AC97F2DC2861DD33000A621C /* SampleLoginValidationApp.swift in Sources */ = {isa = PBXBuildFile; fileRef = AC97F2DB2861DD33000A621C /* SampleLoginValidationApp.swift */; };
		AC97F2DE2861DD33000A621C /* ContentView.swift in Sources */ = {isa = PBXBuildFile; fileRef = AC97F2DD2861DD33000A621C /* ContentView.swift */; };
		AC97F2E02861DD35000A621C /* Assets.xcassets in Resources */ = {isa = PBXBuildFile; fileRef = AC97F2DF2861DD35000A621C /* Assets.xcassets */; };
		AC97F2E32861DD35000A621C /* Preview Assets.xcassets in Resources */ = {isa = PBXBuildFile; fileRef = AC97F2E22861DD35000A621C /* Preview Assets.xcassets */; };
		AC97F2ED2861DD35000A621C /* SampleLoginValidationTests.swift in Sources */ = {isa = PBXBuildFile; fileRef = AC97F2EC2861DD35000A621C /* SampleLoginValidationTests.swift */; };
		AC97F2F72861DD35000A621C /* SampleLoginValidationUITests.swift in Sources */ = {isa = PBXBuildFile; fileRef = AC97F2F62861DD35000A621C /* SampleLoginValidationUITests.swift */; };
		AC97F2F92861DD35000A621C /* SampleLoginValidationUITestsLaunchTests.swift in Sources */ = {isa = PBXBuildFile; fileRef = AC97F2F82861DD35000A621C /* SampleLoginValidationUITestsLaunchTests.swift */; };
/* End PBXBuildFile section */

/* Begin PBXContainerItemProxy section */
		AC97F2E92861DD35000A621C /* PBXContainerItemProxy */ = {
			isa = PBXContainerItemProxy;
			containerPortal = AC97F2D02861DD33000A621C /* Project object */;
			proxyType = 1;
			remoteGlobalIDString = AC97F2D72861DD33000A621C;
			remoteInfo = SampleLoginValidation;
		};
		AC97F2F32861DD35000A621C /* PBXContainerItemProxy */ = {
			isa = PBXContainerItemProxy;
			containerPortal = AC97F2D02861DD33000A621C /* Project object */;
			proxyType = 1;
			remoteGlobalIDString = AC97F2D72861DD33000A621C;
			remoteInfo = SampleLoginValidation;
		};
/* End PBXContainerItemProxy section */

/* Begin PBXFileReference section */
		AC97F2D82861DD33000A621C /* SampleLoginValidation.app */ = {isa = PBXFileReference; explicitFileType = wrapper.application; includeInIndex = 0; path = SampleLoginValidation.app; sourceTree = BUILT_PRODUCTS_DIR; };
		AC97F2DB2861DD33000A621C /* SampleLoginValidationApp.swift */ = {isa = PBXFileReference; lastKnownFileType = sourcecode.swift; path = SampleLoginValidationApp.swift; sourceTree = "<group>"; };
		AC97F2DD2861DD33000A621C /* ContentView.swift */ = {isa = PBXFileReference; lastKnownFileType = sourcecode.swift; path = ContentView.swift; sourceTree = "<group>"; };
		AC97F2DF2861DD35000A621C /* Assets.xcassets */ = {isa = PBXFileReference; lastKnownFileType = folder.assetcatalog; path = Assets.xcassets; sourceTree = "<group>"; };
		AC97F2E22861DD35000A621C /* Preview Assets.xcassets */ = {isa = PBXFileReference; lastKnownFileType = folder.assetcatalog; path = "Preview Assets.xcassets"; sourceTree = "<group>"; };
		AC97F2E82861DD35000A621C /* SampleLoginValidationTests.xctest */ = {isa = PBXFileReference; explicitFileType = wrapper.cfbundle; includeInIndex = 0; path = SampleLoginValidationTests.xctest; sourceTree = BUILT_PRODUCTS_DIR; };
		AC97F2EC2861DD35000A621C /* SampleLoginValidationTests.swift */ = {isa = PBXFileReference; lastKnownFileType = sourcecode.swift; path = SampleLoginValidationTests.swift; sourceTree = "<group>"; };
		AC97F2F22861DD35000A621C /* SampleLoginValidationUITests.xctest */ = {isa = PBXFileReference; explicitFileType = wrapper.cfbundle; includeInIndex = 0; path = SampleLoginValidationUITests.xctest; sourceTree = BUILT_PRODUCTS_DIR; };
		AC97F2F62861DD35000A621C /* SampleLoginValidationUITests.swift */ = {isa = PBXFileReference; lastKnownFileType = sourcecode.swift; path = SampleLoginValidationUITests.swift; sourceTree = "<group>"; };
		AC97F2F82861DD35000A621C /* SampleLoginValidationUITestsLaunchTests.swift */ = {isa = PBXFileReference; lastKnownFileType = sourcecode.swift; path = SampleLoginValidationUITestsLaunchTests.swift; sourceTree = "<group>"; };
/* End PBXFileReference section */

/* Begin PBXFrameworksBuildPhase section */
		AC97F2D52861DD33000A621C /* Frameworks */ = {
			isa = PBXFrameworksBuildPhase;
			buildActionMask = 2147483647;
			files = (
			);
			runOnlyForDeploymentPostprocessing = 0;
		};
		AC97F2E52861DD35000A621C /* Frameworks */ = {
			isa = PBXFrameworksBuildPhase;
			buildActionMask = 2147483647;
			files = (
			);
			runOnlyForDeploymentPostprocessing = 0;
		};
		AC97F2EF2861DD35000A621C /* Frameworks */ = {
			isa = PBXFrameworksBuildPhase;
			buildActionMask = 2147483647;
			files = (
			);
			runOnlyForDeploymentPostprocessing = 0;
		};
/* End PBXFrameworksBuildPhase section */

/* Begin PBXGroup section */
		AC97F2CF2861DD33000A621C = {
			isa = PBXGroup;
			children = (
				AC97F2DA2861DD33000A621C /* SampleLoginValidation */,
				AC97F2EB2861DD35000A621C /* SampleLoginValidationTests */,
				AC97F2F52861DD35000A621C /* SampleLoginValidationUITests */,
				AC97F2D92861DD33000A621C /* Products */,
			);
			sourceTree = "<group>";
		};
		AC97F2D92861DD33000A621C /* Products */ = {
			isa = PBXGroup;
			children = (
				AC97F2D82861DD33000A621C /* SampleLoginValidation.app */,
				AC97F2E82861DD35000A621C /* SampleLoginValidationTests.xctest */,
				AC97F2F22861DD35000A621C /* SampleLoginValidationUITests.xctest */,
			);
			name = Products;
			sourceTree = "<group>";
		};
		AC97F2DA2861DD33000A621C /* SampleLoginValidation */ = {
			isa = PBXGroup;
			children = (
				AC97F2DB2861DD33000A621C /* SampleLoginValidationApp.swift */,
				AC97F2DD2861DD33000A621C /* ContentView.swift */,
				AC97F2DF2861DD35000A621C /* Assets.xcassets */,
				AC97F2E12861DD35000A621C /* Preview Content */,
			);
			path = SampleLoginValidation;
			sourceTree = "<group>";
		};
		AC97F2E12861DD35000A621C /* Preview Content */ = {
			isa = PBXGroup;
			children = (
				AC97F2E22861DD35000A621C /* Preview Assets.xcassets */,
			);
			path = "Preview Content";
			sourceTree = "<group>";
		};
		AC97F2EB2861DD35000A621C /* SampleLoginValidationTests */ = {
			isa = PBXGroup;
			children = (
				AC97F2EC2861DD35000A621C /* SampleLoginValidationTests.swift */,
			);
			path = SampleLoginValidationTests;
			sourceTree = "<group>";
		};
		AC97F2F52861DD35000A621C /* SampleLoginValidationUITests */ = {
			isa = PBXGroup;
			children = (
				AC97F2F62861DD35000A621C /* SampleLoginValidationUITests.swift */,
				AC97F2F82861DD35000A621C /* SampleLoginValidationUITestsLaunchTests.swift */,
			);
			path = SampleLoginValidationUITests;
			sourceTree = "<group>";
		};
/* End PBXGroup section */

/* Begin PBXNativeTarget section */
		AC97F2D72861DD33000A621C /* SampleLoginValidation */ = {
			isa = PBXNativeTarget;
			buildConfigurationList = AC97F2FC2861DD35000A621C /* Build configuration list for PBXNativeTarget "SampleLoginValidation" */;
			buildPhases = (
				AC97F2D42861DD33000A621C /* Sources */,
				AC97F2D52861DD33000A621C /* Frameworks */,
				AC97F2D62861DD33000A621C /* Resources */,
			);
			buildRules = (
			);
			dependencies = (
			);
			name = SampleLoginValidation;
			productName = SampleLoginValidation;
			productReference = AC97F2D82861DD33000A621C /* SampleLoginValidation.app */;
			productType = "com.apple.product-type.application";
		};
		AC97F2E72861DD35000A621C /* SampleLoginValidationTests */ = {
			isa = PBXNativeTarget;
			buildConfigurationList = AC97F2FF2861DD35000A621C /* Build configuration list for PBXNativeTarget "SampleLoginValidationTests" */;
			buildPhases = (
				AC97F2E42861DD35000A621C /* Sources */,
				AC97F2E52861DD35000A621C /* Frameworks */,
				AC97F2E62861DD35000A621C /* Resources */,
			);
			buildRules = (
			);
			dependencies = (
				AC97F2EA2861DD35000A621C /* PBXTargetDependency */,
			);
			name = SampleLoginValidationTests;
			productName = SampleLoginValidationTests;
			productReference = AC97F2E82861DD35000A621C /* SampleLoginValidationTests.xctest */;
			productType = "com.apple.product-type.bundle.unit-test";
		};
		AC97F2F12861DD35000A621C /* SampleLoginValidationUITests */ = {
			isa = PBXNativeTarget;
			buildConfigurationList = AC97F3022861DD35000A621C /* Build configuration list for PBXNativeTarget "SampleLoginValidationUITests" */;
			buildPhases = (
				AC97F2EE2861DD35000A621C /* Sources */,
				AC97F2EF2861DD35000A621C /* Frameworks */,
				AC97F2F02861DD35000A621C /* Resources */,
			);
			buildRules = (
			);
			dependencies = (
				AC97F2F42861DD35000A621C /* PBXTargetDependency */,
			);
			name = SampleLoginValidationUITests;
			productName = SampleLoginValidationUITests;
			productReference = AC97F2F22861DD35000A621C /* SampleLoginValidationUITests.xctest */;
			productType = "com.apple.product-type.bundle.ui-testing";
		};
/* End PBXNativeTarget section */

/* Begin PBXProject section */
		AC97F2D02861DD33000A621C /* Project object */ = {
			isa = PBXProject;
			attributes = {
				BuildIndependentTargetsInParallel = 1;
				LastSwiftUpdateCheck = 1340;
				LastUpgradeCheck = 1340;
				TargetAttributes = {
					AC97F2D72861DD33000A621C = {
						CreatedOnToolsVersion = 13.4.1;
					};
					AC97F2E72861DD35000A621C = {
						CreatedOnToolsVersion = 13.4.1;
						TestTargetID = AC97F2D72861DD33000A621C;
					};
					AC97F2F12861DD35000A621C = {
						CreatedOnToolsVersion = 13.4.1;
						TestTargetID = AC97F2D72861DD33000A621C;
					};
				};
			};
			buildConfigurationList = AC97F2D32861DD33000A621C /* Build configuration list for PBXProject "SampleLoginValidation" */;
			compatibilityVersion = "Xcode 13.0";
			developmentRegion = en;
			hasScannedForEncodings = 0;
			knownRegions = (
				en,
				Base,
			);
			mainGroup = AC97F2CF2861DD33000A621C;
			productRefGroup = AC97F2D92861DD33000A621C /* Products */;
			projectDirPath = "";
			projectRoot = "";
			targets = (
				AC97F2D72861DD33000A621C /* SampleLoginValidation */,
				AC97F2E72861DD35000A621C /* SampleLoginValidationTests */,
				AC97F2F12861DD35000A621C /* SampleLoginValidationUITests */,
			);
		};
/* End PBXProject section */

/* Begin PBXResourcesBuildPhase section */
		AC97F2D62861DD33000A621C /* Resources */ = {
			isa = PBXResourcesBuildPhase;
			buildActionMask = 2147483647;
			files = (
				AC97F2E32861DD35000A621C /* Preview Assets.xcassets in Resources */,
				AC97F2E02861DD35000A621C /* Assets.xcassets in Resources */,
			);
			runOnlyForDeploymentPostprocessing = 0;
		};
		AC97F2E62861DD35000A621C /* Resources */ = {
			isa = PBXResourcesBuildPhase;
			buildActionMask = 2147483647;
			files = (
			);
			runOnlyForDeploymentPostprocessing = 0;
		};
		AC97F2F02861DD35000A621C /* Resources */ = {
			isa = PBXResourcesBuildPhase;
			buildActionMask = 2147483647;
			files = (
			);
			runOnlyForDeploymentPostprocessing = 0;
		};
/* End PBXResourcesBuildPhase section */

/* Begin PBXSourcesBuildPhase section */
		AC97F2D42861DD33000A621C /* Sources */ = {
			isa = PBXSourcesBuildPhase;
			buildActionMask = 2147483647;
			files = (
				AC97F2DE2861DD33000A621C /* ContentView.swift in Sources */,
				AC97F2DC2861DD33000A621C /* SampleLoginValidationApp.swift in Sources */,
			);
			runOnlyForDeploymentPostprocessing = 0;
		};
		AC97F2E42861DD35000A621C /* Sources */ = {
			isa = PBXSourcesBuildPhase;
			buildActionMask = 2147483647;
			files = (
				AC97F2ED2861DD35000A621C /* SampleLoginValidationTests.swift in Sources */,
			);
			runOnlyForDeploymentPostprocessing = 0;
		};
		AC97F2EE2861DD35000A621C /* Sources */ = {
			isa = PBXSourcesBuildPhase;
			buildActionMask = 2147483647;
			files = (
				AC97F2F72861DD35000A621C /* SampleLoginValidationUITests.swift in Sources */,
				AC97F2F92861DD35000A621C /* SampleLoginValidationUITestsLaunchTests.swift in Sources */,
			);
			runOnlyForDeploymentPostprocessing = 0;
		};
/* End PBXSourcesBuildPhase section */

/* Begin PBXTargetDependency section */
		AC97F2EA2861DD35000A621C /* PBXTargetDependency */ = {
			isa = PBXTargetDependency;
			target = AC97F2D72861DD33000A621C /* SampleLoginValidation */;
			targetProxy = AC97F2E92861DD35000A621C /* PBXContainerItemProxy */;
		};
		AC97F2F42861DD35000A621C /* PBXTargetDependency */ = {
			isa = PBXTargetDependency;
			target = AC97F2D72861DD33000A621C /* SampleLoginValidation */;
			targetProxy = AC97F2F32861DD35000A621C /* PBXContainerItemProxy */;
		};
/* End PBXTargetDependency section */

/* Begin XCBuildConfiguration section */
		AC97F2FA2861DD35000A621C /* Debug */ = {
			isa = XCBuildConfiguration;
			buildSettings = {
				ALWAYS_SEARCH_USER_PATHS = NO;
				CLANG_ANALYZER_NONNULL = YES;
				CLANG_ANALYZER_NUMBER_OBJECT_CONVERSION = YES_AGGRESSIVE;
				CLANG_CXX_LANGUAGE_STANDARD = "gnu++17";
				CLANG_ENABLE_MODULES = YES;
				CLANG_ENABLE_OBJC_ARC = YES;
				CLANG_ENABLE_OBJC_WEAK = YES;
				CLANG_WARN_BLOCK_CAPTURE_AUTORELEASING = YES;
				CLANG_WARN_BOOL_CONVERSION = YES;
				CLANG_WARN_COMMA = YES;
				CLANG_WARN_CONSTANT_CONVERSION = YES;
				CLANG_WARN_DEPRECATED_OBJC_IMPLEMENTATIONS = YES;
				CLANG_WARN_DIRECT_OBJC_ISA_USAGE = YES_ERROR;
				CLANG_WARN_DOCUMENTATION_COMMENTS = YES;
				CLANG_WARN_EMPTY_BODY = YES;
				CLANG_WARN_ENUM_CONVERSION = YES;
				CLANG_WARN_INFINITE_RECURSION = YES;
				CLANG_WARN_INT_CONVERSION = YES;
				CLANG_WARN_NON_LITERAL_NULL_CONVERSION = YES;
				CLANG_WARN_OBJC_IMPLICIT_RETAIN_SELF = YES;
				CLANG_WARN_OBJC_LITERAL_CONVERSION = YES;
				CLANG_WARN_OBJC_ROOT_CLASS = YES_ERROR;
				CLANG_WARN_QUOTED_INCLUDE_IN_FRAMEWORK_HEADER = YES;
				CLANG_WARN_RANGE_LOOP_ANALYSIS = YES;
				CLANG_WARN_STRICT_PROTOTYPES = YES;
				CLANG_WARN_SUSPICIOUS_MOVE = YES;
				CLANG_WARN_UNGUARDED_AVAILABILITY = YES_AGGRESSIVE;
				CLANG_WARN_UNREACHABLE_CODE = YES;
				CLANG_WARN__DUPLICATE_METHOD_MATCH = YES;
				COPY_PHASE_STRIP = NO;
				DEBUG_INFORMATION_FORMAT = dwarf;
				ENABLE_STRICT_OBJC_MSGSEND = YES;
				ENABLE_TESTABILITY = YES;
				GCC_C_LANGUAGE_STANDARD = gnu11;
				GCC_DYNAMIC_NO_PIC = NO;
				GCC_NO_COMMON_BLOCKS = YES;
				GCC_OPTIMIZATION_LEVEL = 0;
				GCC_PREPROCESSOR_DEFINITIONS = (
					"DEBUG=1",
					"$(inherited)",
				);
				GCC_WARN_64_TO_32_BIT_CONVERSION = YES;
				GCC_WARN_ABOUT_RETURN_TYPE = YES_ERROR;
				GCC_WARN_UNDECLARED_SELECTOR = YES;
				GCC_WARN_UNINITIALIZED_AUTOS = YES_AGGRESSIVE;
				GCC_WARN_UNUSED_FUNCTION = YES;
				GCC_WARN_UNUSED_VARIABLE = YES;
				IPHONEOS_DEPLOYMENT_TARGET = 15.5;
				MTL_ENABLE_DEBUG_INFO = INCLUDE_SOURCE;
				MTL_FAST_MATH = YES;
				ONLY_ACTIVE_ARCH = YES;
				SDKROOT = iphoneos;
				SWIFT_ACTIVE_COMPILATION_CONDITIONS = DEBUG;
				SWIFT_OPTIMIZATION_LEVEL = "-Onone";
			};
			name = Debug;
		};
		AC97F2FB2861DD35000A621C /* Release */ = {
			isa = XCBuildConfiguration;
			buildSettings = {
				ALWAYS_SEARCH_USER_PATHS = NO;
				CLANG_ANALYZER_NONNULL = YES;
				CLANG_ANALYZER_NUMBER_OBJECT_CONVERSION = YES_AGGRESSIVE;
				CLANG_CXX_LANGUAGE_STANDARD = "gnu++17";
				CLANG_ENABLE_MODULES = YES;
				CLANG_ENABLE_OBJC_ARC = YES;
				CLANG_ENABLE_OBJC_WEAK = YES;
				CLANG_WARN_BLOCK_CAPTURE_AUTORELEASING = YES;
				CLANG_WARN_BOOL_CONVERSION = YES;
				CLANG_WARN_COMMA = YES;
				CLANG_WARN_CONSTANT_CONVERSION = YES;
				CLANG_WARN_DEPRECATED_OBJC_IMPLEMENTATIONS = YES;
				CLANG_WARN_DIRECT_OBJC_ISA_USAGE = YES_ERROR;
				CLANG_WARN_DOCUMENTATION_COMMENTS = YES;
				CLANG_WARN_EMPTY_BODY = YES;
				CLANG_WARN_ENUM_CONVERSION = YES;
				CLANG_WARN_INFINITE_RECURSION = YES;
				CLANG_WARN_INT_CONVERSION = YES;
				CLANG_WARN_NON_LITERAL_NULL_CONVERSION = YES;
				CLANG_WARN_OBJC_IMPLICIT_RETAIN_SELF = YES;
				CLANG_WARN_OBJC_LITERAL_CONVERSION = YES;
				CLANG_WARN_OBJC_ROOT_CLASS = YES_ERROR;
				CLANG_WARN_QUOTED_INCLUDE_IN_FRAMEWORK_HEADER = YES;
				CLANG_WARN_RANGE_LOOP_ANALYSIS = YES;
				CLANG_WARN_STRICT_PROTOTYPES = YES;
				CLANG_WARN_SUSPICIOUS_MOVE = YES;
				CLANG_WARN_UNGUARDED_AVAILABILITY = YES_AGGRESSIVE;
				CLANG_WARN_UNREACHABLE_CODE = YES;
				CLANG_WARN__DUPLICATE_METHOD_MATCH = YES;
				COPY_PHASE_STRIP = NO;
				DEBUG_INFORMATION_FORMAT = "dwarf-with-dsym";
				ENABLE_NS_ASSERTIONS = NO;
				ENABLE_STRICT_OBJC_MSGSEND = YES;
				GCC_C_LANGUAGE_STANDARD = gnu11;
				GCC_NO_COMMON_BLOCKS = YES;
				GCC_WARN_64_TO_32_BIT_CONVERSION = YES;
				GCC_WARN_ABOUT_RETURN_TYPE = YES_ERROR;
				GCC_WARN_UNDECLARED_SELECTOR = YES;
				GCC_WARN_UNINITIALIZED_AUTOS = YES_AGGRESSIVE;
				GCC_WARN_UNUSED_FUNCTION = YES;
				GCC_WARN_UNUSED_VARIABLE = YES;
				IPHONEOS_DEPLOYMENT_TARGET = 15.5;
				MTL_ENABLE_DEBUG_INFO = NO;
				MTL_FAST_MATH = YES;
				SDKROOT = iphoneos;
				SWIFT_COMPILATION_MODE = wholemodule;
				SWIFT_OPTIMIZATION_LEVEL = "-O";
				VALIDATE_PRODUCT = YES;
			};
			name = Release;
		};
		AC97F2FD2861DD35000A621C /* Debug */ = {
			isa = XCBuildConfiguration;
			buildSettings = {
				ASSETCATALOG_COMPILER_APPICON_NAME = AppIcon;
				ASSETCATALOG_COMPILER_GLOBAL_ACCENT_COLOR_NAME = AccentColor;
				CODE_SIGN_STYLE = Automatic;
				CURRENT_PROJECT_VERSION = 1;
				DEVELOPMENT_ASSET_PATHS = "\"SampleLoginValidation/Preview Content\"";
				DEVELOPMENT_TEAM = LU893QGJWJ;
				ENABLE_PREVIEWS = YES;
				GENERATE_INFOPLIST_FILE = YES;
				INFOPLIST_KEY_UIApplicationSceneManifest_Generation = YES;
				INFOPLIST_KEY_UIApplicationSupportsIndirectInputEvents = YES;
				INFOPLIST_KEY_UILaunchScreen_Generation = YES;
				INFOPLIST_KEY_UISupportedInterfaceOrientations_iPad = "UIInterfaceOrientationPortrait UIInterfaceOrientationPortraitUpsideDown UIInterfaceOrientationLandscapeLeft UIInterfaceOrientationLandscapeRight";
				INFOPLIST_KEY_UISupportedInterfaceOrientations_iPhone = "UIInterfaceOrientationPortrait UIInterfaceOrientationLandscapeLeft UIInterfaceOrientationLandscapeRight";
				LD_RUNPATH_SEARCH_PATHS = (
					"$(inherited)",
					"@executable_path/Frameworks",
				);
				MARKETING_VERSION = 1.0;
				PRODUCT_BUNDLE_IDENTIFIER = com.test.SampleLoginValidation;
				PRODUCT_NAME = "$(TARGET_NAME)";
				SWIFT_EMIT_LOC_STRINGS = YES;
				SWIFT_VERSION = 5.0;
				TARGETED_DEVICE_FAMILY = "1,2";
			};
			name = Debug;
		};
		AC97F2FE2861DD35000A621C /* Release */ = {
			isa = XCBuildConfiguration;
			buildSettings = {
				ASSETCATALOG_COMPILER_APPICON_NAME = AppIcon;
				ASSETCATALOG_COMPILER_GLOBAL_ACCENT_COLOR_NAME = AccentColor;
				CODE_SIGN_STYLE = Automatic;
				CURRENT_PROJECT_VERSION = 1;
				DEVELOPMENT_ASSET_PATHS = "\"SampleLoginValidation/Preview Content\"";
				DEVELOPMENT_TEAM = LU893QGJWJ;
				ENABLE_PREVIEWS = YES;
				GENERATE_INFOPLIST_FILE = YES;
				INFOPLIST_KEY_UIApplicationSceneManifest_Generation = YES;
				INFOPLIST_KEY_UIApplicationSupportsIndirectInputEvents = YES;
				INFOPLIST_KEY_UILaunchScreen_Generation = YES;
				INFOPLIST_KEY_UISupportedInterfaceOrientations_iPad = "UIInterfaceOrientationPortrait UIInterfaceOrientationPortraitUpsideDown UIInterfaceOrientationLandscapeLeft UIInterfaceOrientationLandscapeRight";
				INFOPLIST_KEY_UISupportedInterfaceOrientations_iPhone = "UIInterfaceOrientationPortrait UIInterfaceOrientationLandscapeLeft UIInterfaceOrientationLandscapeRight";
				LD_RUNPATH_SEARCH_PATHS = (
					"$(inherited)",
					"@executable_path/Frameworks",
				);
				MARKETING_VERSION = 1.0;
				PRODUCT_BUNDLE_IDENTIFIER = com.test.SampleLoginValidation;
				PRODUCT_NAME = "$(TARGET_NAME)";
				SWIFT_EMIT_LOC_STRINGS = YES;
				SWIFT_VERSION = 5.0;
				TARGETED_DEVICE_FAMILY = "1,2";
			};
			name = Release;
		};
		AC97F3002861DD35000A621C /* Debug */ = {
			isa = XCBuildConfiguration;
			buildSettings = {
				ALWAYS_EMBED_SWIFT_STANDARD_LIBRARIES = YES;
				BUNDLE_LOADER = "$(TEST_HOST)";
				CODE_SIGN_STYLE = Automatic;
				CURRENT_PROJECT_VERSION = 1;
				DEVELOPMENT_TEAM = LU893QGJWJ;
				GENERATE_INFOPLIST_FILE = YES;
				IPHONEOS_DEPLOYMENT_TARGET = 15.5;
				MARKETING_VERSION = 1.0;
				PRODUCT_BUNDLE_IDENTIFIER = com.test.SampleLoginValidationTests;
				PRODUCT_NAME = "$(TARGET_NAME)";
				SWIFT_EMIT_LOC_STRINGS = NO;
				SWIFT_VERSION = 5.0;
				TARGETED_DEVICE_FAMILY = "1,2";
				TEST_HOST = "$(BUILT_PRODUCTS_DIR)/SampleLoginValidation.app/SampleLoginValidation";
			};
			name = Debug;
		};
		AC97F3012861DD35000A621C /* Release */ = {
			isa = XCBuildConfiguration;
			buildSettings = {
				ALWAYS_EMBED_SWIFT_STANDARD_LIBRARIES = YES;
				BUNDLE_LOADER = "$(TEST_HOST)";
				CODE_SIGN_STYLE = Automatic;
				CURRENT_PROJECT_VERSION = 1;
				DEVELOPMENT_TEAM = LU893QGJWJ;
				GENERATE_INFOPLIST_FILE = YES;
				IPHONEOS_DEPLOYMENT_TARGET = 15.5;
				MARKETING_VERSION = 1.0;
				PRODUCT_BUNDLE_IDENTIFIER = com.test.SampleLoginValidationTests;
				PRODUCT_NAME = "$(TARGET_NAME)";
				SWIFT_EMIT_LOC_STRINGS = NO;
				SWIFT_VERSION = 5.0;
				TARGETED_DEVICE_FAMILY = "1,2";
				TEST_HOST = "$(BUILT_PRODUCTS_DIR)/SampleLoginValidation.app/SampleLoginValidation";
			};
			name = Release;
		};
		AC97F3032861DD35000A621C /* Debug */ = {
			isa = XCBuildConfiguration;
			buildSettings = {
				ALWAYS_EMBED_SWIFT_STANDARD_LIBRARIES = YES;
				CODE_SIGN_STYLE = Automatic;
				CURRENT_PROJECT_VERSION = 1;
				DEVELOPMENT_TEAM = LU893QGJWJ;
				GENERATE_INFOPLIST_FILE = YES;
				MARKETING_VERSION = 1.0;
				PRODUCT_BUNDLE_IDENTIFIER = com.test.SampleLoginValidationUITests;
				PRODUCT_NAME = "$(TARGET_NAME)";
				SWIFT_EMIT_LOC_STRINGS = NO;
				SWIFT_VERSION = 5.0;
				TARGETED_DEVICE_FAMILY = "1,2";
				TEST_TARGET_NAME = SampleLoginValidation;
			};
			name = Debug;
		};
		AC97F3042861DD35000A621C /* Release */ = {
			isa = XCBuildConfiguration;
			buildSettings = {
				ALWAYS_EMBED_SWIFT_STANDARD_LIBRARIES = YES;
				CODE_SIGN_STYLE = Automatic;
				CURRENT_PROJECT_VERSION = 1;
				DEVELOPMENT_TEAM = LU893QGJWJ;
				GENERATE_INFOPLIST_FILE = YES;
				MARKETING_VERSION = 1.0;
				PRODUCT_BUNDLE_IDENTIFIER = com.test.SampleLoginValidationUITests;
				PRODUCT_NAME = "$(TARGET_NAME)";
				SWIFT_EMIT_LOC_STRINGS = NO;
				SWIFT_VERSION = 5.0;
				TARGETED_DEVICE_FAMILY = "1,2";
				TEST_TARGET_NAME = SampleLoginValidation;
			};
			name = Release;
		};
/* End XCBuildConfiguration section */

/* Begin XCConfigurationList section */
		AC97F2D32861DD33000A621C /* Build configuration list for PBXProject "SampleLoginValidation" */ = {
			isa = XCConfigurationList;
			buildConfigurations = (
				AC97F2FA2861DD35000A621C /* Debug */,
				AC97F2FB2861DD35000A621C /* Release */,
			);
			defaultConfigurationIsVisible = 0;
			defaultConfigurationName = Release;
		};
		AC97F2FC2861DD35000A621C /* Build configuration list for PBXNativeTarget "SampleLoginValidation" */ = {
			isa = XCConfigurationList;
			buildConfigurations = (
				AC97F2FD2861DD35000A621C /* Debug */,
				AC97F2FE2861DD35000A621C /* Release */,
			);
			defaultConfigurationIsVisible = 0;
			defaultConfigurationName = Release;
		};
		AC97F2FF2861DD35000A621C /* Build configuration list for PBXNativeTarget "SampleLoginValidationTests" */ = {
			isa = XCConfigurationList;
			buildConfigurations = (
				AC97F3002861DD35000A621C /* Debug */,
				AC97F3012861DD35000A621C /* Release */,
			);
			defaultConfigurationIsVisible = 0;
			defaultConfigurationName = Release;
		};
		AC97F3022861DD35000A621C /* Build configuration list for PBXNativeTarget "SampleLoginValidationUITests" */ = {
			isa = XCConfigurationList;
			buildConfigurations = (
				AC97F3032861DD35000A621C /* Debug */,
				AC97F3042861DD35000A621C /* Release */,
			);
			defaultConfigurationIsVisible = 0;
			defaultConfigurationName = Release;
		};
/* End XCConfigurationList section */
	};
	rootObject = AC97F2D02861DD33000A621C /* Project object */;
}
